
Microsoft Visual Studio Solution File, Format Version 12.00
# Visual Studio Version 17
VisualStudioVersion = 17.0.31903.59
MinimumVisualStudioVersion = 10.0.40219.1
Project("{FAE04EC0-301F-11D3-BF4B-00C04F79EFBC}") = "Pizzaria.API", "Pizzaria.API\Pizzaria.API.csproj", "{3A063214-A2C1-4128-9BDB-8868FA6C91B3}"
EndProject
Project("{FAE04EC0-301F-11D3-BF4B-00C04F79EFBC}") = "Pizzaria.WEB", "Pizzaria.WEB\Pizzaria.WEB.csproj", "{BF3B558E-6D8A-42D8-A468-0CB24FAC6415}"
EndProject
Global
	GlobalSection(SolutionConfigurationPlatforms) = preSolution
		Debug|Any CPU = Debug|Any CPU
		Debug|x64 = Debug|x64
		Debug|x86 = Debug|x86
		Release|Any CPU = Release|Any CPU
		Release|x64 = Release|x64
		Release|x86 = Release|x86
	EndGlobalSection
	GlobalSection(ProjectConfigurationPlatforms) = postSolution
		{3A063214-A2C1-4128-9BDB-8868FA6C91B3}.Debug|Any CPU.ActiveCfg = Debug|Any CPU
		{3A063214-A2C1-4128-9BDB-8868FA6C91B3}.Debug|Any CPU.Build.0 = Debug|Any CPU
		{3A063214-A2C1-4128-9BDB-8868FA6C91B3}.Debug|x64.ActiveCfg = Debug|Any CPU
		{3A063214-A2C1-4128-9BDB-8868FA6C91B3}.Debug|x64.Build.0 = Debug|Any CPU
		{3A063214-A2C1-4128-9BDB-8868FA6C91B3}.Debug|x86.ActiveCfg = Debug|Any CPU
		{3A063214-A2C1-4128-9BDB-8868FA6C91B3}.Debug|x86.Build.0 = Debug|Any CPU
		{3A063214-A2C1-4128-9BDB-8868FA6C91B3}.Release|Any CPU.ActiveCfg = Release|Any CPU
		{3A063214-A2C1-4128-9BDB-8868FA6C91B3}.Release|Any CPU.Build.0 = Release|Any CPU
		{3A063214-A2C1-4128-9BDB-8868FA6C91B3}.Release|x64.ActiveCfg = Release|Any CPU
		{3A063214-A2C1-4128-9BDB-8868FA6C91B3}.Release|x64.Build.0 = Release|Any CPU
		{3A063214-A2C1-4128-9BDB-8868FA6C91B3}.Release|x86.ActiveCfg = Release|Any CPU
		{3A063214-A2C1-4128-9BDB-8868FA6C91B3}.Release|x86.Build.0 = Release|Any CPU
		{BF3B558E-6D8A-42D8-A468-0CB24FAC6415}.Debug|Any CPU.ActiveCfg = Debug|Any CPU
		{BF3B558E-6D8A-42D8-A468-0CB24FAC6415}.Debug|Any CPU.Build.0 = Debug|Any CPU
		{BF3B558E-6D8A-42D8-A468-0CB24FAC6415}.Debug|x64.ActiveCfg = Debug|Any CPU
		{BF3B558E-6D8A-42D8-A468-0CB24FAC6415}.Debug|x64.Build.0 = Debug|Any CPU
		{BF3B558E-6D8A-42D8-A468-0CB24FAC6415}.Debug|x86.ActiveCfg = Debug|Any CPU
		{BF3B558E-6D8A-42D8-A468-0CB24FAC6415}.Debug|x86.Build.0 = Debug|Any CPU
		{BF3B558E-6D8A-42D8-A468-0CB24FAC6415}.Release|Any CPU.ActiveCfg = Release|Any CPU
		{BF3B558E-6D8A-42D8-A468-0CB24FAC6415}.Release|Any CPU.Build.0 = Release|Any CPU
		{BF3B558E-6D8A-42D8-A468-0CB24FAC6415}.Release|x64.ActiveCfg = Release|Any CPU
		{BF3B558E-6D8A-42D8-A468-0CB24FAC6415}.Release|x64.Build.0 = Release|Any CPU
		{BF3B558E-6D8A-42D8-A468-0CB24FAC6415}.Release|x86.ActiveCfg = Release|Any CPU
		{BF3B558E-6D8A-42D8-A468-0CB24FAC6415}.Release|x86.Build.0 = Release|Any CPU
	EndGlobalSection
	GlobalSection(SolutionProperties) = preSolution
		HideSolutionNode = FALSE
	EndGlobalSection
EndGlobal
